// !$*UTF8*$!
{
	archiveVersion = 1;
	classes = {
	};
	objectVersion = 56;
	objects = {

/* Begin PBXBuildFile section */
		FAB4903D2A405FAF006AD548 /* AppDelegate.swift in Sources */ = {isa = PBXBuildFile; fileRef = FAB4903C2A405FAF006AD548 /* AppDelegate.swift */; };
		FAB4903F2A405FAF006AD548 /* SceneDelegate.swift in Sources */ = {isa = PBXBuildFile; fileRef = FAB4903E2A405FAF006AD548 /* SceneDelegate.swift */; };
		FAB490412A405FAF006AD548 /* ViewController.swift in Sources */ = {isa = PBXBuildFile; fileRef = FAB490402A405FAF006AD548 /* ViewController.swift */; };
		FAB490442A405FAF006AD548 /* Main.storyboard in Resources */ = {isa = PBXBuildFile; fileRef = FAB490422A405FAF006AD548 /* Main.storyboard */; };
		FAB490462A405FB1006AD548 /* Assets.xcassets in Resources */ = {isa = PBXBuildFile; fileRef = FAB490452A405FB1006AD548 /* Assets.xcassets */; };
		FAB490492A405FB1006AD548 /* LaunchScreen.storyboard in Resources */ = {isa = PBXBuildFile; fileRef = FAB490472A405FB1006AD548 /* LaunchScreen.storyboard */; };
		FAB490542A405FB1006AD548 /* CustomViewTests.swift in Sources */ = {isa = PBXBuildFile; fileRef = FAB490532A405FB1006AD548 /* CustomViewTests.swift */; };
		FAB4905E2A405FB1006AD548 /* CustomViewUITests.swift in Sources */ = {isa = PBXBuildFile; fileRef = FAB4905D2A405FB1006AD548 /* CustomViewUITests.swift */; };
		FAB490602A405FB1006AD548 /* CustomViewUITestsLaunchTests.swift in Sources */ = {isa = PBXBuildFile; fileRef = FAB4905F2A405FB1006AD548 /* CustomViewUITestsLaunchTests.swift */; };
		FAB490752A4064D3006AD548 /* TestView.xib in Resources */ = {isa = PBXBuildFile; fileRef = FAB490742A4064D3006AD548 /* TestView.xib */; };
		FAB490772A406523006AD548 /* TestView.swift in Sources */ = {isa = PBXBuildFile; fileRef = FAB490762A406523006AD548 /* TestView.swift */; };
/* End PBXBuildFile section */

/* Begin PBXContainerItemProxy section */
		FAB490502A405FB1006AD548 /* PBXContainerItemProxy */ = {
			isa = PBXContainerItemProxy;
			containerPortal = FAB490312A405FAF006AD548 /* Project object */;
			proxyType = 1;
			remoteGlobalIDString = FAB490382A405FAF006AD548;
			remoteInfo = CustomView;
		};
		FAB4905A2A405FB1006AD548 /* PBXContainerItemProxy */ = {
			isa = PBXContainerItemProxy;
			containerPortal = FAB490312A405FAF006AD548 /* Project object */;
			proxyType = 1;
			remoteGlobalIDString = FAB490382A405FAF006AD548;
			remoteInfo = CustomView;
		};
/* End PBXContainerItemProxy section */

/* Begin PBXFileReference section */
		FAB490392A405FAF006AD548 /* CustomView.app */ = {isa = PBXFileReference; explicitFileType = wrapper.application; includeInIndex = 0; path = CustomView.app; sourceTree = BUILT_PRODUCTS_DIR; };
		FAB4903C2A405FAF006AD548 /* AppDelegate.swift */ = {isa = PBXFileReference; lastKnownFileType = sourcecode.swift; path = AppDelegate.swift; sourceTree = "<group>"; };
		FAB4903E2A405FAF006AD548 /* SceneDelegate.swift */ = {isa = PBXFileReference; lastKnownFileType = sourcecode.swift; path = SceneDelegate.swift; sourceTree = "<group>"; };
		FAB490402A405FAF006AD548 /* ViewController.swift */ = {isa = PBXFileReference; lastKnownFileType = sourcecode.swift; path = ViewController.swift; sourceTree = "<group>"; };
		FAB490432A405FAF006AD548 /* Base */ = {isa = PBXFileReference; lastKnownFileType = file.storyboard; name = Base; path = Base.lproj/Main.storyboard; sourceTree = "<group>"; };
		FAB490452A405FB1006AD548 /* Assets.xcassets */ = {isa = PBXFileReference; lastKnownFileType = folder.assetcatalog; path = Assets.xcassets; sourceTree = "<group>"; };
		FAB490482A405FB1006AD548 /* Base */ = {isa = PBXFileReference; lastKnownFileType = file.storyboard; name = Base; path = Base.lproj/LaunchScreen.storyboard; sourceTree = "<group>"; };
		FAB4904A2A405FB1006AD548 /* Info.plist */ = {isa = PBXFileReference; lastKnownFileType = text.plist.xml; path = Info.plist; sourceTree = "<group>"; };
		FAB4904F2A405FB1006AD548 /* CustomViewTests.xctest */ = {isa = PBXFileReference; explicitFileType = wrapper.cfbundle; includeInIndex = 0; path = CustomViewTests.xctest; sourceTree = BUILT_PRODUCTS_DIR; };
		FAB490532A405FB1006AD548 /* CustomViewTests.swift */ = {isa = PBXFileReference; lastKnownFileType = sourcecode.swift; path = CustomViewTests.swift; sourceTree = "<group>"; };
		FAB490592A405FB1006AD548 /* CustomViewUITests.xctest */ = {isa = PBXFileReference; explicitFileType = wrapper.cfbundle; includeInIndex = 0; path = CustomViewUITests.xctest; sourceTree = BUILT_PRODUCTS_DIR; };
		FAB4905D2A405FB1006AD548 /* CustomViewUITests.swift */ = {isa = PBXFileReference; lastKnownFileType = sourcecode.swift; path = CustomViewUITests.swift; sourceTree = "<group>"; };
		FAB4905F2A405FB1006AD548 /* CustomViewUITestsLaunchTests.swift */ = {isa = PBXFileReference; lastKnownFileType = sourcecode.swift; path = CustomViewUITestsLaunchTests.swift; sourceTree = "<group>"; };
		FAB490742A4064D3006AD548 /* TestView.xib */ = {isa = PBXFileReference; lastKnownFileType = file.xib; path = TestView.xib; sourceTree = "<group>"; };
		FAB490762A406523006AD548 /* TestView.swift */ = {isa = PBXFileReference; lastKnownFileType = sourcecode.swift; path = TestView.swift; sourceTree = "<group>"; };
/* End PBXFileReference section */

/* Begin PBXFrameworksBuildPhase section */
		FAB490362A405FAF006AD548 /* Frameworks */ = {
			isa = PBXFrameworksBuildPhase;
			buildActionMask = 2147483647;
			files = (
			);
			runOnlyForDeploymentPostprocessing = 0;
		};
		FAB4904C2A405FB1006AD548 /* Frameworks */ = {
			isa = PBXFrameworksBuildPhase;
			buildActionMask = 2147483647;
			files = (
			);
			runOnlyForDeploymentPostprocessing = 0;
		};
		FAB490562A405FB1006AD548 /* Frameworks */ = {
			isa = PBXFrameworksBuildPhase;
			buildActionMask = 2147483647;
			files = (
			);
			runOnlyForDeploymentPostprocessing = 0;
		};
/* End PBXFrameworksBuildPhase section */

/* Begin PBXGroup section */
		FAB490302A405FAF006AD548 = {
			isa = PBXGroup;
			children = (
				FAB4903B2A405FAF006AD548 /* CustomView */,
				FAB490522A405FB1006AD548 /* CustomViewTests */,
				FAB4905C2A405FB1006AD548 /* CustomViewUITests */,
				FAB4903A2A405FAF006AD548 /* Products */,
			);
			sourceTree = "<group>";
		};
		FAB4903A2A405FAF006AD548 /* Products */ = {
			isa = PBXGroup;
			children = (
				FAB490392A405FAF006AD548 /* CustomView.app */,
				FAB4904F2A405FB1006AD548 /* CustomViewTests.xctest */,
				FAB490592A405FB1006AD548 /* CustomViewUITests.xctest */,
			);
			name = Products;
			sourceTree = "<group>";
		};
		FAB4903B2A405FAF006AD548 /* CustomView */ = {
			isa = PBXGroup;
			children = (
				FAB4903C2A405FAF006AD548 /* AppDelegate.swift */,
				FAB4903E2A405FAF006AD548 /* SceneDelegate.swift */,
				FAB490402A405FAF006AD548 /* ViewController.swift */,
				FAB490742A4064D3006AD548 /* TestView.xib */,
				FAB490762A406523006AD548 /* TestView.swift */,
				FAB490422A405FAF006AD548 /* Main.storyboard */,
				FAB490452A405FB1006AD548 /* Assets.xcassets */,
				FAB490472A405FB1006AD548 /* LaunchScreen.storyboard */,
				FAB4904A2A405FB1006AD548 /* Info.plist */,
			);
			path = CustomView;
			sourceTree = "<group>";
		};
		FAB490522A405FB1006AD548 /* CustomViewTests */ = {
			isa = PBXGroup;
			children = (
				FAB490532A405FB1006AD548 /* CustomViewTests.swift */,
			);
			path = CustomViewTests;
			sourceTree = "<group>";
		};
		FAB4905C2A405FB1006AD548 /* CustomViewUITests */ = {
			isa = PBXGroup;
			children = (
				FAB4905D2A405FB1006AD548 /* CustomViewUITests.swift */,
				FAB4905F2A405FB1006AD548 /* CustomViewUITestsLaunchTests.swift */,
			);
			path = CustomViewUITests;
			sourceTree = "<group>";
		};
/* End PBXGroup section */

/* Begin PBXNativeTarget section */
		FAB490382A405FAF006AD548 /* CustomView */ = {
			isa = PBXNativeTarget;
			buildConfigurationList = FAB490632A405FB1006AD548 /* Build configuration list for PBXNativeTarget "CustomView" */;
			buildPhases = (
				FAB490352A405FAF006AD548 /* Sources */,
				FAB490362A405FAF006AD548 /* Frameworks */,
				FAB490372A405FAF006AD548 /* Resources */,
			);
			buildRules = (
			);
			dependencies = (
			);
			name = CustomView;
			productName = CustomView;
			productReference = FAB490392A405FAF006AD548 /* CustomView.app */;
			productType = "com.apple.product-type.application";
		};
		FAB4904E2A405FB1006AD548 /* CustomViewTests */ = {
			isa = PBXNativeTarget;
			buildConfigurationList = FAB490662A405FB1006AD548 /* Build configuration list for PBXNativeTarget "CustomViewTests" */;
			buildPhases = (
				FAB4904B2A405FB1006AD548 /* Sources */,
				FAB4904C2A405FB1006AD548 /* Frameworks */,
				FAB4904D2A405FB1006AD548 /* Resources */,
			);
			buildRules = (
			);
			dependencies = (
				FAB490512A405FB1006AD548 /* PBXTargetDependency */,
			);
			name = CustomViewTests;
			productName = CustomViewTests;
			productReference = FAB4904F2A405FB1006AD548 /* CustomViewTests.xctest */;
			productType = "com.apple.product-type.bundle.unit-test";
		};
		FAB490582A405FB1006AD548 /* CustomViewUITests */ = {
			isa = PBXNativeTarget;
			buildConfigurationList = FAB490692A405FB1006AD548 /* Build configuration list for PBXNativeTarget "CustomViewUITests" */;
			buildPhases = (
				FAB490552A405FB1006AD548 /* Sources */,
				FAB490562A405FB1006AD548 /* Frameworks */,
				FAB490572A405FB1006AD548 /* Resources */,
			);
			buildRules = (
			);
			dependencies = (
				FAB4905B2A405FB1006AD548 /* PBXTargetDependency */,
			);
			name = CustomViewUITests;
			productName = CustomViewUITests;
			productReference = FAB490592A405FB1006AD548 /* CustomViewUITests.xctest */;
			productType = "com.apple.product-type.bundle.ui-testing";
		};
/* End PBXNativeTarget section */

/* Begin PBXProject section */
		FAB490312A405FAF006AD548 /* Project object */ = {
			isa = PBXProject;
			attributes = {
				BuildIndependentTargetsInParallel = 1;
				LastSwiftUpdateCheck = 1430;
				LastUpgradeCheck = 1430;
				TargetAttributes = {
					FAB490382A405FAF006AD548 = {
						CreatedOnToolsVersion = 14.3.1;
					};
					FAB4904E2A405FB1006AD548 = {
						CreatedOnToolsVersion = 14.3.1;
						TestTargetID = FAB490382A405FAF006AD548;
					};
					FAB490582A405FB1006AD548 = {
						CreatedOnToolsVersion = 14.3.1;
						TestTargetID = FAB490382A405FAF006AD548;
					};
				};
			};
			buildConfigurationList = FAB490342A405FAF006AD548 /* Build configuration list for PBXProject "CustomView" */;
			compatibilityVersion = "Xcode 14.0";
			developmentRegion = en;
			hasScannedForEncodings = 0;
			knownRegions = (
				en,
				Base,
			);
			mainGroup = FAB490302A405FAF006AD548;
			productRefGroup = FAB4903A2A405FAF006AD548 /* Products */;
			projectDirPath = "";
			projectRoot = "";
			targets = (
				FAB490382A405FAF006AD548 /* CustomView */,
				FAB4904E2A405FB1006AD548 /* CustomViewTests */,
				FAB490582A405FB1006AD548 /* CustomViewUITests */,
			);
		};
/* End PBXProject section */

/* Begin PBXResourcesBuildPhase section */
		FAB490372A405FAF006AD548 /* Resources */ = {
			isa = PBXResourcesBuildPhase;
			buildActionMask = 2147483647;
			files = (
				FAB490752A4064D3006AD548 /* TestView.xib in Resources */,
				FAB490492A405FB1006AD548 /* LaunchScreen.storyboard in Resources */,
				FAB490462A405FB1006AD548 /* Assets.xcassets in Resources */,
				FAB490442A405FAF006AD548 /* Main.storyboard in Resources */,
			);
			runOnlyForDeploymentPostprocessing = 0;
		};
		FAB4904D2A405FB1006AD548 /* Resources */ = {
			isa = PBXResourcesBuildPhase;
			buildActionMask = 2147483647;
			files = (
			);
			runOnlyForDeploymentPostprocessing = 0;
		};
		FAB490572A405FB1006AD548 /* Resources */ = {
			isa = PBXResourcesBuildPhase;
			buildActionMask = 2147483647;
			files = (
			);
			runOnlyForDeploymentPostprocessing = 0;
		};
/* End PBXResourcesBuildPhase section */

/* Begin PBXSourcesBuildPhase section */
		FAB490352A405FAF006AD548 /* Sources */ = {
			isa = PBXSourcesBuildPhase;
			buildActionMask = 2147483647;
			files = (
				FAB490772A406523006AD548 /* TestView.swift in Sources */,
				FAB490412A405FAF006AD548 /* ViewController.swift in Sources */,
				FAB4903D2A405FAF006AD548 /* AppDelegate.swift in Sources */,
				FAB4903F2A405FAF006AD548 /* SceneDelegate.swift in Sources */,
			);
			runOnlyForDeploymentPostprocessing = 0;
		};
		FAB4904B2A405FB1006AD548 /* Sources */ = {
			isa = PBXSourcesBuildPhase;
			buildActionMask = 2147483647;
			files = (
				FAB490542A405FB1006AD548 /* CustomViewTests.swift in Sources */,
			);
			runOnlyForDeploymentPostprocessing = 0;
		};
		FAB490552A405FB1006AD548 /* Sources */ = {
			isa = PBXSourcesBuildPhase;
			buildActionMask = 2147483647;
			files = (
				FAB490602A405FB1006AD548 /* CustomViewUITestsLaunchTests.swift in Sources */,
				FAB4905E2A405FB1006AD548 /* CustomViewUITests.swift in Sources */,
			);
			runOnlyForDeploymentPostprocessing = 0;
		};
/* End PBXSourcesBuildPhase section */

/* Begin PBXTargetDependency section */
		FAB490512A405FB1006AD548 /* PBXTargetDependency */ = {
			isa = PBXTargetDependency;
			target = FAB490382A405FAF006AD548 /* CustomView */;
			targetProxy = FAB490502A405FB1006AD548 /* PBXContainerItemProxy */;
		};
		FAB4905B2A405FB1006AD548 /* PBXTargetDependency */ = {
			isa = PBXTargetDependency;
			target = FAB490382A405FAF006AD548 /* CustomView */;
			targetProxy = FAB4905A2A405FB1006AD548 /* PBXContainerItemProxy */;
		};
/* End PBXTargetDependency section */

/* Begin PBXVariantGroup section */
		FAB490422A405FAF006AD548 /* Main.storyboard */ = {
			isa = PBXVariantGroup;
			children = (
				FAB490432A405FAF006AD548 /* Base */,
			);
			name = Main.storyboard;
			sourceTree = "<group>";
		};
		FAB490472A405FB1006AD548 /* LaunchScreen.storyboard */ = {
			isa = PBXVariantGroup;
			children = (
				FAB490482A405FB1006AD548 /* Base */,
			);
			name = LaunchScreen.storyboard;
			sourceTree = "<group>";
		};
/* End PBXVariantGroup section */

/* Begin XCBuildConfiguration section */
		FAB490612A405FB1006AD548 /* Debug */ = {
			isa = XCBuildConfiguration;
			buildSettings = {
				ALWAYS_SEARCH_USER_PATHS = NO;
				CLANG_ANALYZER_NONNULL = YES;
				CLANG_ANALYZER_NUMBER_OBJECT_CONVERSION = YES_AGGRESSIVE;
				CLANG_CXX_LANGUAGE_STANDARD = "gnu++20";
				CLANG_ENABLE_MODULES = YES;
				CLANG_ENABLE_OBJC_ARC = YES;
				CLANG_ENABLE_OBJC_WEAK = YES;
				CLANG_WARN_BLOCK_CAPTURE_AUTORELEASING = YES;
				CLANG_WARN_BOOL_CONVERSION = YES;
				CLANG_WARN_COMMA = YES;
				CLANG_WARN_CONSTANT_CONVERSION = YES;
				CLANG_WARN_DEPRECATED_OBJC_IMPLEMENTATIONS = YES;
				CLANG_WARN_DIRECT_OBJC_ISA_USAGE = YES_ERROR;
				CLANG_WARN_DOCUMENTATION_COMMENTS = YES;
				CLANG_WARN_EMPTY_BODY = YES;
				CLANG_WARN_ENUM_CONVERSION = YES;
				CLANG_WARN_INFINITE_RECURSION = YES;
				CLANG_WARN_INT_CONVERSION = YES;
				CLANG_WARN_NON_LITERAL_NULL_CONVERSION = YES;
				CLANG_WARN_OBJC_IMPLICIT_RETAIN_SELF = YES;
				CLANG_WARN_OBJC_LITERAL_CONVERSION = YES;
				CLANG_WARN_OBJC_ROOT_CLASS = YES_ERROR;
				CLANG_WARN_QUOTED_INCLUDE_IN_FRAMEWORK_HEADER = YES;
				CLANG_WARN_RANGE_LOOP_ANALYSIS = YES;
				CLANG_WARN_STRICT_PROTOTYPES = YES;
				CLANG_WARN_SUSPICIOUS_MOVE = YES;
				CLANG_WARN_UNGUARDED_AVAILABILITY = YES_AGGRESSIVE;
				CLANG_WARN_UNREACHABLE_CODE = YES;
				CLANG_WARN__DUPLICATE_METHOD_MATCH = YES;
				COPY_PHASE_STRIP = NO;
				DEBUG_INFORMATION_FORMAT = dwarf;
				ENABLE_STRICT_OBJC_MSGSEND = YES;
				ENABLE_TESTABILITY = YES;
				GCC_C_LANGUAGE_STANDARD = gnu11;
				GCC_DYNAMIC_NO_PIC = NO;
				GCC_NO_COMMON_BLOCKS = YES;
				GCC_OPTIMIZATION_LEVEL = 0;
				GCC_PREPROCESSOR_DEFINITIONS = (
					"DEBUG=1",
					"$(inherited)",
				);
				GCC_WARN_64_TO_32_BIT_CONVERSION = YES;
				GCC_WARN_ABOUT_RETURN_TYPE = YES_ERROR;
				GCC_WARN_UNDECLARED_SELECTOR = YES;
				GCC_WARN_UNINITIALIZED_AUTOS = YES_AGGRESSIVE;
				GCC_WARN_UNUSED_FUNCTION = YES;
				GCC_WARN_UNUSED_VARIABLE = YES;
				IPHONEOS_DEPLOYMENT_TARGET = 16.4;
				MTL_ENABLE_DEBUG_INFO = INCLUDE_SOURCE;
				MTL_FAST_MATH = YES;
				ONLY_ACTIVE_ARCH = YES;
				SDKROOT = iphoneos;
				SWIFT_ACTIVE_COMPILATION_CONDITIONS = DEBUG;
				SWIFT_OPTIMIZATION_LEVEL = "-Onone";
			};
			name = Debug;
		};
		FAB490622A405FB1006AD548 /* Release */ = {
			isa = XCBuildConfiguration;
			buildSettings = {
				ALWAYS_SEARCH_USER_PATHS = NO;
				CLANG_ANALYZER_NONNULL = YES;
				CLANG_ANALYZER_NUMBER_OBJECT_CONVERSION = YES_AGGRESSIVE;
				CLANG_CXX_LANGUAGE_STANDARD = "gnu++20";
				CLANG_ENABLE_MODULES = YES;
				CLANG_ENABLE_OBJC_ARC = YES;
				CLANG_ENABLE_OBJC_WEAK = YES;
				CLANG_WARN_BLOCK_CAPTURE_AUTORELEASING = YES;
				CLANG_WARN_BOOL_CONVERSION = YES;
				CLANG_WARN_COMMA = YES;
				CLANG_WARN_CONSTANT_CONVERSION = YES;
				CLANG_WARN_DEPRECATED_OBJC_IMPLEMENTATIONS = YES;
				CLANG_WARN_DIRECT_OBJC_ISA_USAGE = YES_ERROR;
				CLANG_WARN_DOCUMENTATION_COMMENTS = YES;
				CLANG_WARN_EMPTY_BODY = YES;
				CLANG_WARN_ENUM_CONVERSION = YES;
				CLANG_WARN_INFINITE_RECURSION = YES;
				CLANG_WARN_INT_CONVERSION = YES;
				CLANG_WARN_NON_LITERAL_NULL_CONVERSION = YES;
				CLANG_WARN_OBJC_IMPLICIT_RETAIN_SELF = YES;
				CLANG_WARN_OBJC_LITERAL_CONVERSION = YES;
				CLANG_WARN_OBJC_ROOT_CLASS = YES_ERROR;
				CLANG_WARN_QUOTED_INCLUDE_IN_FRAMEWORK_HEADER = YES;
				CLANG_WARN_RANGE_LOOP_ANALYSIS = YES;
				CLANG_WARN_STRICT_PROTOTYPES = YES;
				CLANG_WARN_SUSPICIOUS_MOVE = YES;
				CLANG_WARN_UNGUARDED_AVAILABILITY = YES_AGGRESSIVE;
				CLANG_WARN_UNREACHABLE_CODE = YES;
				CLANG_WARN__DUPLICATE_METHOD_MATCH = YES;
				COPY_PHASE_STRIP = NO;
				DEBUG_INFORMATION_FORMAT = "dwarf-with-dsym";
				ENABLE_NS_ASSERTIONS = NO;
				ENABLE_STRICT_OBJC_MSGSEND = YES;
				GCC_C_LANGUAGE_STANDARD = gnu11;
				GCC_NO_COMMON_BLOCKS = YES;
				GCC_WARN_64_TO_32_BIT_CONVERSION = YES;
				GCC_WARN_ABOUT_RETURN_TYPE = YES_ERROR;
				GCC_WARN_UNDECLARED_SELECTOR = YES;
				GCC_WARN_UNINITIALIZED_AUTOS = YES_AGGRESSIVE;
				GCC_WARN_UNUSED_FUNCTION = YES;
				GCC_WARN_UNUSED_VARIABLE = YES;
				IPHONEOS_DEPLOYMENT_TARGET = 16.4;
				MTL_ENABLE_DEBUG_INFO = NO;
				MTL_FAST_MATH = YES;
				SDKROOT = iphoneos;
				SWIFT_COMPILATION_MODE = wholemodule;
				SWIFT_OPTIMIZATION_LEVEL = "-O";
				VALIDATE_PRODUCT = YES;
			};
			name = Release;
		};
		FAB490642A405FB1006AD548 /* Debug */ = {
			isa = XCBuildConfiguration;
			buildSettings = {
				ASSETCATALOG_COMPILER_APPICON_NAME = AppIcon;
				ASSETCATALOG_COMPILER_GLOBAL_ACCENT_COLOR_NAME = AccentColor;
				CODE_SIGN_STYLE = Automatic;
				CURRENT_PROJECT_VERSION = 1;
				DEVELOPMENT_TEAM = V2ZH89V9YY;
				GENERATE_INFOPLIST_FILE = YES;
				INFOPLIST_FILE = CustomView/Info.plist;
				INFOPLIST_KEY_UIApplicationSupportsIndirectInputEvents = YES;
				INFOPLIST_KEY_UILaunchStoryboardName = LaunchScreen;
				INFOPLIST_KEY_UIMainStoryboardFile = Main;
				INFOPLIST_KEY_UISupportedInterfaceOrientations_iPad = "UIInterfaceOrientationPortrait UIInterfaceOrientationPortraitUpsideDown UIInterfaceOrientationLandscapeLeft UIInterfaceOrientationLandscapeRight";
				INFOPLIST_KEY_UISupportedInterfaceOrientations_iPhone = "UIInterfaceOrientationPortrait UIInterfaceOrientationLandscapeLeft UIInterfaceOrientationLandscapeRight";
				IPHONEOS_DEPLOYMENT_TARGET = 15.0;
				LD_RUNPATH_SEARCH_PATHS = (
					"$(inherited)",
					"@executable_path/Frameworks",
				);
				MARKETING_VERSION = 1.0;
				PRODUCT_BUNDLE_IDENTIFIER = "customView-mobile-ios.CustomView";
				PRODUCT_NAME = "$(TARGET_NAME)";
				SWIFT_EMIT_LOC_STRINGS = YES;
				SWIFT_VERSION = 5.0;
				TARGETED_DEVICE_FAMILY = "1,2";
			};
			name = Debug;
		};
		FAB490652A405FB1006AD548 /* Release */ = {
			isa = XCBuildConfiguration;
			buildSettings = {
				ASSETCATALOG_COMPILER_APPICON_NAME = AppIcon;
				ASSETCATALOG_COMPILER_GLOBAL_ACCENT_COLOR_NAME = AccentColor;
				CODE_SIGN_STYLE = Automatic;
				CURRENT_PROJECT_VERSION = 1;
				DEVELOPMENT_TEAM = V2ZH89V9YY;
				GENERATE_INFOPLIST_FILE = YES;
				INFOPLIST_FILE = CustomView/Info.plist;
				INFOPLIST_KEY_UIApplicationSupportsIndirectInputEvents = YES;
				INFOPLIST_KEY_UILaunchStoryboardName = LaunchScreen;
				INFOPLIST_KEY_UIMainStoryboardFile = Main;
				INFOPLIST_KEY_UISupportedInterfaceOrientations_iPad = "UIInterfaceOrientationPortrait UIInterfaceOrientationPortraitUpsideDown UIInterfaceOrientationLandscapeLeft UIInterfaceOrientationLandscapeRight";
				INFOPLIST_KEY_UISupportedInterfaceOrientations_iPhone = "UIInterfaceOrientationPortrait UIInterfaceOrientationLandscapeLeft UIInterfaceOrientationLandscapeRight";
				IPHONEOS_DEPLOYMENT_TARGET = 15.0;
				LD_RUNPATH_SEARCH_PATHS = (
					"$(inherited)",
					"@executable_path/Frameworks",
				);
				MARKETING_VERSION = 1.0;
				PRODUCT_BUNDLE_IDENTIFIER = "customView-mobile-ios.CustomView";
				PRODUCT_NAME = "$(TARGET_NAME)";
				SWIFT_EMIT_LOC_STRINGS = YES;
				SWIFT_VERSION = 5.0;
				TARGETED_DEVICE_FAMILY = "1,2";
			};
			name = Release;
		};
		FAB490672A405FB1006AD548 /* Debug */ = {
			isa = XCBuildConfiguration;
			buildSettings = {
				ALWAYS_EMBED_SWIFT_STANDARD_LIBRARIES = YES;
				BUNDLE_LOADER = "$(TEST_HOST)";
				CODE_SIGN_STYLE = Automatic;
				CURRENT_PROJECT_VERSION = 1;
				DEVELOPMENT_TEAM = V2ZH89V9YY;
				GENERATE_INFOPLIST_FILE = YES;
				IPHONEOS_DEPLOYMENT_TARGET = 16.4;
				MARKETING_VERSION = 1.0;
				PRODUCT_BUNDLE_IDENTIFIER = "customView-mobile-ios.CustomViewTests";
				PRODUCT_NAME = "$(TARGET_NAME)";
				SWIFT_EMIT_LOC_STRINGS = NO;
				SWIFT_VERSION = 5.0;
				TARGETED_DEVICE_FAMILY = "1,2";
				TEST_HOST = "$(BUILT_PRODUCTS_DIR)/CustomView.app/$(BUNDLE_EXECUTABLE_FOLDER_PATH)/CustomView";
			};
			name = Debug;
		};
		FAB490682A405FB1006AD548 /* Release */ = {
			isa = XCBuildConfiguration;
			buildSettings = {
				ALWAYS_EMBED_SWIFT_STANDARD_LIBRARIES = YES;
				BUNDLE_LOADER = "$(TEST_HOST)";
				CODE_SIGN_STYLE = Automatic;
				CURRENT_PROJECT_VERSION = 1;
				DEVELOPMENT_TEAM = V2ZH89V9YY;
				GENERATE_INFOPLIST_FILE = YES;
				IPHONEOS_DEPLOYMENT_TARGET = 16.4;
				MARKETING_VERSION = 1.0;
				PRODUCT_BUNDLE_IDENTIFIER = "customView-mobile-ios.CustomViewTests";
				PRODUCT_NAME = "$(TARGET_NAME)";
				SWIFT_EMIT_LOC_STRINGS = NO;
				SWIFT_VERSION = 5.0;
				TARGETED_DEVICE_FAMILY = "1,2";
				TEST_HOST = "$(BUILT_PRODUCTS_DIR)/CustomView.app/$(BUNDLE_EXECUTABLE_FOLDER_PATH)/CustomView";
			};
			name = Release;
		};
		FAB4906A2A405FB1006AD548 /* Debug */ = {
			isa = XCBuildConfiguration;
			buildSettings = {
				ALWAYS_EMBED_SWIFT_STANDARD_LIBRARIES = YES;
				CODE_SIGN_STYLE = Automatic;
				CURRENT_PROJECT_VERSION = 1;
				DEVELOPMENT_TEAM = V2ZH89V9YY;
				GENERATE_INFOPLIST_FILE = YES;
				MARKETING_VERSION = 1.0;
				PRODUCT_BUNDLE_IDENTIFIER = "customView-mobile-ios.CustomViewUITests";
				PRODUCT_NAME = "$(TARGET_NAME)";
				SWIFT_EMIT_LOC_STRINGS = NO;
				SWIFT_VERSION = 5.0;
				TARGETED_DEVICE_FAMILY = "1,2";
				TEST_TARGET_NAME = CustomView;
			};
			name = Debug;
		};
		FAB4906B2A405FB1006AD548 /* Release */ = {
			isa = XCBuildConfiguration;
			buildSettings = {
				ALWAYS_EMBED_SWIFT_STANDARD_LIBRARIES = YES;
				CODE_SIGN_STYLE = Automatic;
				CURRENT_PROJECT_VERSION = 1;
				DEVELOPMENT_TEAM = V2ZH89V9YY;
				GENERATE_INFOPLIST_FILE = YES;
				MARKETING_VERSION = 1.0;
				PRODUCT_BUNDLE_IDENTIFIER = "customView-mobile-ios.CustomViewUITests";
				PRODUCT_NAME = "$(TARGET_NAME)";
				SWIFT_EMIT_LOC_STRINGS = NO;
				SWIFT_VERSION = 5.0;
				TARGETED_DEVICE_FAMILY = "1,2";
				TEST_TARGET_NAME = CustomView;
			};
			name = Release;
		};
/* End XCBuildConfiguration section */

/* Begin XCConfigurationList section */
		FAB490342A405FAF006AD548 /* Build configuration list for PBXProject "CustomView" */ = {
			isa = XCConfigurationList;
			buildConfigurations = (
				FAB490612A405FB1006AD548 /* Debug */,
				FAB490622A405FB1006AD548 /* Release */,
			);
			defaultConfigurationIsVisible = 0;
			defaultConfigurationName = Release;
		};
		FAB490632A405FB1006AD548 /* Build configuration list for PBXNativeTarget "CustomView" */ = {
			isa = XCConfigurationList;
			buildConfigurations = (
				FAB490642A405FB1006AD548 /* Debug */,
				FAB490652A405FB1006AD548 /* Release */,
			);
			defaultConfigurationIsVisible = 0;
			defaultConfigurationName = Release;
		};
		FAB490662A405FB1006AD548 /* Build configuration list for PBXNativeTarget "CustomViewTests" */ = {
			isa = XCConfigurationList;
			buildConfigurations = (
				FAB490672A405FB1006AD548 /* Debug */,
				FAB490682A405FB1006AD548 /* Release */,
			);
			defaultConfigurationIsVisible = 0;
			defaultConfigurationName = Release;
		};
		FAB490692A405FB1006AD548 /* Build configuration list for PBXNativeTarget "CustomViewUITests" */ = {
			isa = XCConfigurationList;
			buildConfigurations = (
				FAB4906A2A405FB1006AD548 /* Debug */,
				FAB4906B2A405FB1006AD548 /* Release */,
			);
			defaultConfigurationIsVisible = 0;
			defaultConfigurationName = Release;
		};
/* End XCConfigurationList section */
	};
	rootObject = FAB490312A405FAF006AD548 /* Project object */;
}
